
Microsoft Visual Studio Solution File, Format Version 12.00
# Visual Studio Version 16
VisualStudioVersion = 16.0.30517.126
MinimumVisualStudioVersion = 10.0.40219.1
Project("{9A19103F-16F7-4668-BE54-9A1E7A4F7556}") = "LearningQ.API", "LearningQ.API\LearningQ.API.csproj", "{53C546BC-7035-4E97-A8A0-10A414C83AB3}"
EndProject
Project("{9A19103F-16F7-4668-BE54-9A1E7A4F7556}") = "LearningQ.BL", "LearningQ.BL\LearningQ.BL.csproj", "{535756F4-E441-498A-BA19-8218D26ED518}"
EndProject
Project("{FAE04EC0-301F-11D3-BF4B-00C04F79EFBC}") = "LearningQ.DAL", "LearningQ.DAL\LearningQ.DAL.csproj", "{1E579A78-4DAD-4E5A-8D94-6167CC921F42}"
EndProject
Global
	GlobalSection(SolutionConfigurationPlatforms) = preSolution
		Debug|Any CPU = Debug|Any CPU
		Release|Any CPU = Release|Any CPU
	EndGlobalSection
	GlobalSection(ProjectConfigurationPlatforms) = postSolution
		{53C546BC-7035-4E97-A8A0-10A414C83AB3}.Debug|Any CPU.ActiveCfg = Debug|Any CPU
		{53C546BC-7035-4E97-A8A0-10A414C83AB3}.Debug|Any CPU.Build.0 = Debug|Any CPU
		{53C546BC-7035-4E97-A8A0-10A414C83AB3}.Release|Any CPU.ActiveCfg = Release|Any CPU
		{53C546BC-7035-4E97-A8A0-10A414C83AB3}.Release|Any CPU.Build.0 = Release|Any CPU
		{535756F4-E441-498A-BA19-8218D26ED518}.Debug|Any CPU.ActiveCfg = Debug|Any CPU
		{535756F4-E441-498A-BA19-8218D26ED518}.Debug|Any CPU.Build.0 = Debug|Any CPU
		{535756F4-E441-498A-BA19-8218D26ED518}.Release|Any CPU.ActiveCfg = Release|Any CPU
		{535756F4-E441-498A-BA19-8218D26ED518}.Release|Any CPU.Build.0 = Release|Any CPU
		{1E579A78-4DAD-4E5A-8D94-6167CC921F42}.Debug|Any CPU.ActiveCfg = Debug|Any CPU
		{1E579A78-4DAD-4E5A-8D94-6167CC921F42}.Debug|Any CPU.Build.0 = Debug|Any CPU
		{1E579A78-4DAD-4E5A-8D94-6167CC921F42}.Release|Any CPU.ActiveCfg = Release|Any CPU
		{1E579A78-4DAD-4E5A-8D94-6167CC921F42}.Release|Any CPU.Build.0 = Release|Any CPU
	EndGlobalSection
	GlobalSection(SolutionProperties) = preSolution
		HideSolutionNode = FALSE
	EndGlobalSection
	GlobalSection(ExtensibilityGlobals) = postSolution
		SolutionGuid = {78258C92-F1E6-44FC-9463-60545F2D79B5}
	EndGlobalSection
EndGlobal
