
Microsoft Visual Studio Solution File, Format Version 12.00
# Visual Studio Version 16
VisualStudioVersion = 16.0.30523.141
MinimumVisualStudioVersion = 10.0.40219.1
Project("{9A19103F-16F7-4668-BE54-9A1E7A4F7556}") = "LearningQ.API", "LearningQ.API\LearningQ.API.csproj", "{19C95786-0A4E-49CB-A21D-3564E681BB2D}"
EndProject
Project("{9A19103F-16F7-4668-BE54-9A1E7A4F7556}") = "LearninQ.Simple", "LearninQ.Simple\LearninQ.Simple.csproj", "{F5A11236-83D9-4DEB-B28D-B094E91772CC}"
EndProject
Project("{FAE04EC0-301F-11D3-BF4B-00C04F79EFBC}") = "LearningQ.ConsoleDemo", "LearningQ.ConsoleDemo\LearningQ.ConsoleDemo.csproj", "{4A02F8E0-501A-400F-92E7-6AE15B10E953}"
EndProject
Global
	GlobalSection(SolutionConfigurationPlatforms) = preSolution
		Debug|Any CPU = Debug|Any CPU
		Release|Any CPU = Release|Any CPU
	EndGlobalSection
	GlobalSection(ProjectConfigurationPlatforms) = postSolution
		{19C95786-0A4E-49CB-A21D-3564E681BB2D}.Debug|Any CPU.ActiveCfg = Debug|Any CPU
		{19C95786-0A4E-49CB-A21D-3564E681BB2D}.Debug|Any CPU.Build.0 = Debug|Any CPU
		{19C95786-0A4E-49CB-A21D-3564E681BB2D}.Release|Any CPU.ActiveCfg = Release|Any CPU
		{19C95786-0A4E-49CB-A21D-3564E681BB2D}.Release|Any CPU.Build.0 = Release|Any CPU
		{F5A11236-83D9-4DEB-B28D-B094E91772CC}.Debug|Any CPU.ActiveCfg = Debug|Any CPU
		{F5A11236-83D9-4DEB-B28D-B094E91772CC}.Debug|Any CPU.Build.0 = Debug|Any CPU
		{F5A11236-83D9-4DEB-B28D-B094E91772CC}.Release|Any CPU.ActiveCfg = Release|Any CPU
		{F5A11236-83D9-4DEB-B28D-B094E91772CC}.Release|Any CPU.Build.0 = Release|Any CPU
		{4A02F8E0-501A-400F-92E7-6AE15B10E953}.Debug|Any CPU.ActiveCfg = Debug|Any CPU
		{4A02F8E0-501A-400F-92E7-6AE15B10E953}.Debug|Any CPU.Build.0 = Debug|Any CPU
		{4A02F8E0-501A-400F-92E7-6AE15B10E953}.Release|Any CPU.ActiveCfg = Release|Any CPU
		{4A02F8E0-501A-400F-92E7-6AE15B10E953}.Release|Any CPU.Build.0 = Release|Any CPU
	EndGlobalSection
	GlobalSection(SolutionProperties) = preSolution
		HideSolutionNode = FALSE
	EndGlobalSection
	GlobalSection(ExtensibilityGlobals) = postSolution
		SolutionGuid = {1F027A77-4973-436E-AF78-66A8974847BE}
	EndGlobalSection
EndGlobal
